{
  "version": 4,
  "terraform_version": "1.14.0",
  "serial": 1,
  "lineage": "0152b7d5-0f00-5495-64f3-b20cd876cc77",
  "outputs": {
    "dynamodb_table_name": {
      "value": "terraform-locks",
      "type": "string"
    }
  },
  "resources": [
    {
      "mode": "managed",
      "type": "time_static",
      "name": "s3_suffix",
      "provider": "provider[\"registry.terraform.io/hashicorp/time\"]",
      "instances": [
        {
          "schema_version": 0,
          "attributes": {
            "day": 10,
            "hour": 22,
            "id": "2025-12-10T22:35:47Z",
            "minute": 35,
            "month": 12,
            "rfc3339": "2025-12-10T22:35:47Z",
            "second": 47,
            "triggers": null,
            "unix": 1765406147,
            "year": 2025
          },
          "sensitive_attributes": [],
          "identity_schema_version": 0
        }
      ]
    }
  ],
  "check_results": null
}
